
Microsoft Visual Studio Solution File, Format Version 12.00
# Visual Studio Version 17
VisualStudioVersion = 17.8.34322.80
MinimumVisualStudioVersion = 10.0.40219.1
Project("{9A19103F-16F7-4668-BE54-9A1E7A4F7556}") = "Kevin Pharsi Lab Project", "Kevin Pharsi Lab Project\Kevin Pharsi Lab Project.csproj", "{7B443AE5-37F1-45CB-97CD-012971B0B2F2}"
EndProject
Global
	GlobalSection(SolutionConfigurationPlatforms) = preSolution
		Debug|Any CPU = Debug|Any CPU
		Release|Any CPU = Release|Any CPU
	EndGlobalSection
	GlobalSection(ProjectConfigurationPlatforms) = postSolution
		{7B443AE5-37F1-45CB-97CD-012971B0B2F2}.Debug|Any CPU.ActiveCfg = Debug|Any CPU
		{7B443AE5-37F1-45CB-97CD-012971B0B2F2}.Debug|Any CPU.Build.0 = Debug|Any CPU
		{7B443AE5-37F1-45CB-97CD-012971B0B2F2}.Release|Any CPU.ActiveCfg = Release|Any CPU
		{7B443AE5-37F1-45CB-97CD-012971B0B2F2}.Release|Any CPU.Build.0 = Release|Any CPU
	EndGlobalSection
	GlobalSection(SolutionProperties) = preSolution
		HideSolutionNode = FALSE
	EndGlobalSection
	GlobalSection(ExtensibilityGlobals) = postSolution
		SolutionGuid = {8B942C37-F691-4E3E-B190-FEBD8AC925E2}
	EndGlobalSection
EndGlobal
